
Microsoft Visual Studio Solution File, Format Version 12.00
# Visual Studio 15
VisualStudioVersion = 15.0.28307.168
MinimumVisualStudioVersion = 10.0.40219.1
Project("{FAE04EC0-301F-11D3-BF4B-00C04F79EFBC}") = "AngularNET-demo", "AngularNET-demo\AngularNET-demo.csproj", "{E073857D-14FC-4273-B076-6173674E85D9}"
EndProject
Global
	GlobalSection(SolutionConfigurationPlatforms) = preSolution
		Debug|Any CPU = Debug|Any CPU
		Release|Any CPU = Release|Any CPU
	EndGlobalSection
	GlobalSection(ProjectConfigurationPlatforms) = postSolution
		{E073857D-14FC-4273-B076-6173674E85D9}.Debug|Any CPU.ActiveCfg = Debug|Any CPU
		{E073857D-14FC-4273-B076-6173674E85D9}.Debug|Any CPU.Build.0 = Debug|Any CPU
		{E073857D-14FC-4273-B076-6173674E85D9}.Release|Any CPU.ActiveCfg = Release|Any CPU
		{E073857D-14FC-4273-B076-6173674E85D9}.Release|Any CPU.Build.0 = Release|Any CPU
	EndGlobalSection
	GlobalSection(SolutionProperties) = preSolution
		HideSolutionNode = FALSE
	EndGlobalSection
	GlobalSection(ExtensibilityGlobals) = postSolution
		SolutionGuid = {35AFBFFE-C8C2-4197-9822-EE9F95DFB99C}
	EndGlobalSection
EndGlobal
